// !$*UTF8*$!
{
	archiveVersion = 1;
	classes = {
	};
	objectVersion = 50;
	objects = {

/* Begin PBXBuildFile section */
		1801F40D22EC7ED400075749 /* Headmaster.cpp in Sources */ = {isa = PBXBuildFile; fileRef = 1801F40C22EC7ED400075749 /* Headmaster.cpp */; };
		1812FF0F22EF1B6C00B3F277 /* MinimumSum.cpp in Sources */ = {isa = PBXBuildFile; fileRef = 1812FF0E22EF1B6C00B3F277 /* MinimumSum.cpp */; };
		181D0CB122DB13E900733ABA /* main.cpp in Sources */ = {isa = PBXBuildFile; fileRef = 181D0CB022DB13E900733ABA /* main.cpp */; };
		181D0CBB22DB157500733ABA /* SlimSpan.cpp in Sources */ = {isa = PBXBuildFile; fileRef = 181D0CBA22DB157500733ABA /* SlimSpan.cpp */; };
		182A4B4E22EEECBB00350967 /* BiggerBetter.cpp in Sources */ = {isa = PBXBuildFile; fileRef = 182A4B4D22EEECBB00350967 /* BiggerBetter.cpp */; };
		183B0A4422E9BF5200520CE6 /* BracketsSequence.cpp in Sources */ = {isa = PBXBuildFile; fileRef = 183B0A4322E9BF5200520CE6 /* BracketsSequence.cpp */; };
		184F787922E2EEE200057D55 /* OptimalBusRoute.cpp in Sources */ = {isa = PBXBuildFile; fileRef = 184F787822E2EEE200057D55 /* OptimalBusRoute.cpp */; };
		187E02B722DB5A4300DCF4DF /* CallingCircles.cpp in Sources */ = {isa = PBXBuildFile; fileRef = 187E02B622DB5A4300DCF4DF /* CallingCircles.cpp */; };
		188E4A8E22EDACDC003357B9 /* TwentyQuestions.cpp in Sources */ = {isa = PBXBuildFile; fileRef = 188E4A8D22EDACDC003357B9 /* TwentyQuestions.cpp */; };
		188E4A9022EDE019003357B9 /* GreatWall.cpp in Sources */ = {isa = PBXBuildFile; fileRef = 188E4A8F22EDE019003357B9 /* GreatWall.cpp */; };
		1897601F22E59ED500886A41 /* SpyInMetro.cpp in Sources */ = {isa = PBXBuildFile; fileRef = 1897601E22E59ED500886A41 /* SpyInMetro.cpp */; };
		1897602122E5CB1A00886A41 /* BabylonTower.cpp in Sources */ = {isa = PBXBuildFile; fileRef = 1897602022E5CB1A00886A41 /* BabylonTower.cpp */; };
		1897602322E5E17E00886A41 /* Tour.cpp in Sources */ = {isa = PBXBuildFile; fileRef = 1897602222E5E17E00886A41 /* Tour.cpp */; };
		1897602622E5F13B00886A41 /* JinGeJinQu.cpp in Sources */ = {isa = PBXBuildFile; fileRef = 1897602522E5F13B00886A41 /* JinGeJinQu.cpp */; };
		18B3165822E6ABB300435DEC /* UniTSP.cpp in Sources */ = {isa = PBXBuildFile; fileRef = 18B3165722E6ABB300435DEC /* UniTSP.cpp */; };
		18B3165A22E6B56800435DEC /* AnotherCrisis.cpp in Sources */ = {isa = PBXBuildFile; fileRef = 18B3165922E6B56800435DEC /* AnotherCrisis.cpp */; };
		18B3165C22E6C81800435DEC /* PerfectService.cpp in Sources */ = {isa = PBXBuildFile; fileRef = 18B3165B22E6C81800435DEC /* PerfectService.cpp */; };
		18B3165E22E6D8AE00435DEC /* HaliBula.cpp in Sources */ = {isa = PBXBuildFile; fileRef = 18B3165D22E6D8AE00435DEC /* HaliBula.cpp */; };
		18B3166022E6ED2000435DEC /* LightingSystem.cpp in Sources */ = {isa = PBXBuildFile; fileRef = 18B3165F22E6ED2000435DEC /* LightingSystem.cpp */; };
		18B3166222E6FA5400435DEC /* Palindrome.cpp in Sources */ = {isa = PBXBuildFile; fileRef = 18B3166122E6FA5400435DEC /* Palindrome.cpp */; };
		18BC011122E1594E003E736F /* ColossalFibonacci.cpp in Sources */ = {isa = PBXBuildFile; fileRef = 18BC011022E1594E003E736F /* ColossalFibonacci.cpp */; };
		18BC011322E17263003E736F /* ChooseAndDivide.cpp in Sources */ = {isa = PBXBuildFile; fileRef = 18BC011222E17263003E736F /* ChooseAndDivide.cpp */; };
		18D579E922E31DE9009CF914 /* FunnyCarRacing.cpp in Sources */ = {isa = PBXBuildFile; fileRef = 18D579E822E31DE9009CF914 /* FunnyCarRacing.cpp */; };
		18DA3B4E22DC674A005C5D60 /* Audiophobia.cpp in Sources */ = {isa = PBXBuildFile; fileRef = 18DA3B4D22DC674A005C5D60 /* Audiophobia.cpp */; };
		18DA3B5022DCB5BA005C5D60 /* BugOrFeature.cpp in Sources */ = {isa = PBXBuildFile; fileRef = 18DA3B4F22DCB5BA005C5D60 /* BugOrFeature.cpp */; };
		18DBEC6E22DE0A3A00F8D326 /* PlugForUnix.cpp in Sources */ = {isa = PBXBuildFile; fileRef = 18DBEC6D22DE0A3A00F8D326 /* PlugForUnix.cpp */; };
		18DD6DCB22E85EE8006E7D4A /* ColorLength.cpp in Sources */ = {isa = PBXBuildFile; fileRef = 18DD6DCA22E85EE8006E7D4A /* ColorLength.cpp */; };
		18DD6DCD22E87BA0006E7D4A /* CuttingSticks.cpp in Sources */ = {isa = PBXBuildFile; fileRef = 18DD6DCC22E87BA0006E7D4A /* CuttingSticks.cpp */; };
		18E3AB8722E09F3F00A09D90 /* MatrixDecompress.cpp in Sources */ = {isa = PBXBuildFile; fileRef = 18E3AB8622E09F3F00A09D90 /* MatrixDecompress.cpp */; };
		18F2535C22F1343000607C2C /* GcdXOR.cpp in Sources */ = {isa = PBXBuildFile; fileRef = 18F2535B22F1343000607C2C /* GcdXOR.cpp */; };
		18F2535E22F1724500607C2C /* DisgruntleJudge.cpp in Sources */ = {isa = PBXBuildFile; fileRef = 18F2535D22F1724500607C2C /* DisgruntleJudge.cpp */; };
		18F2536022F17D9D00607C2C /* IrrelevantElement.cpp in Sources */ = {isa = PBXBuildFile; fileRef = 18F2535F22F17D9D00607C2C /* IrrelevantElement.cpp */; };
/* End PBXBuildFile section */

/* Begin PBXCopyFilesBuildPhase section */
		181D0CAB22DB13E900733ABA /* CopyFiles */ = {
			isa = PBXCopyFilesBuildPhase;
			buildActionMask = 2147483647;
			dstPath = /usr/share/man/man1/;
			dstSubfolderSpec = 0;
			files = (
			);
			runOnlyForDeploymentPostprocessing = 1;
		};
/* End PBXCopyFilesBuildPhase section */

/* Begin PBXFileReference section */
		1801F40C22EC7ED400075749 /* Headmaster.cpp */ = {isa = PBXFileReference; lastKnownFileType = sourcecode.cpp.cpp; name = Headmaster.cpp; path = "../../../../../../System/Volumes/Data/Users/apple/Develop/AOAPC/AOAPC/Chapter.9-Dynamic Programming/Headmaster.cpp"; sourceTree = "<group>"; };
		1812FF0E22EF1B6C00B3F277 /* MinimumSum.cpp */ = {isa = PBXFileReference; fileEncoding = 4; lastKnownFileType = sourcecode.cpp.cpp; name = MinimumSum.cpp; path = "../../../../../../System/Volumes/Data/Users/apple/Develop/AOAPC/AOAPC/Chapter.10-Mathematics/MinimumSum.cpp"; sourceTree = "<group>"; };
		181D0CAD22DB13E900733ABA /* AOAPC */ = {isa = PBXFileReference; explicitFileType = "compiled.mach-o.executable"; includeInIndex = 0; path = AOAPC; sourceTree = BUILT_PRODUCTS_DIR; };
		181D0CB022DB13E900733ABA /* main.cpp */ = {isa = PBXFileReference; lastKnownFileType = sourcecode.cpp.cpp; path = main.cpp; sourceTree = "<group>"; };
		181D0CBA22DB157500733ABA /* SlimSpan.cpp */ = {isa = PBXFileReference; lastKnownFileType = sourcecode.cpp.cpp; path = SlimSpan.cpp; sourceTree = "<group>"; };
		182A4B4D22EEECBB00350967 /* BiggerBetter.cpp */ = {isa = PBXFileReference; lastKnownFileType = sourcecode.cpp.cpp; name = BiggerBetter.cpp; path = "../../../../../../System/Volumes/Data/Users/apple/Develop/AOAPC/AOAPC/Chapter.9-Dynamic Programming/BiggerBetter.cpp"; sourceTree = "<group>"; };
		183B0A4322E9BF5200520CE6 /* BracketsSequence.cpp */ = {isa = PBXFileReference; lastKnownFileType = sourcecode.cpp.cpp; path = BracketsSequence.cpp; sourceTree = "<group>"; };
		184F787822E2EEE200057D55 /* OptimalBusRoute.cpp */ = {isa = PBXFileReference; lastKnownFileType = sourcecode.cpp.cpp; path = OptimalBusRoute.cpp; sourceTree = "<group>"; };
		187E02B622DB5A4300DCF4DF /* CallingCircles.cpp */ = {isa = PBXFileReference; lastKnownFileType = sourcecode.cpp.cpp; path = CallingCircles.cpp; sourceTree = "<group>"; };
		188E4A8D22EDACDC003357B9 /* TwentyQuestions.cpp */ = {isa = PBXFileReference; lastKnownFileType = sourcecode.cpp.cpp; name = TwentyQuestions.cpp; path = "../../../../../../System/Volumes/Data/Users/apple/Develop/AOAPC/AOAPC/Chapter.9-Dynamic Programming/TwentyQuestions.cpp"; sourceTree = "<group>"; };
		188E4A8F22EDE019003357B9 /* GreatWall.cpp */ = {isa = PBXFileReference; lastKnownFileType = sourcecode.cpp.cpp; name = GreatWall.cpp; path = "../../../../../../System/Volumes/Data/Users/apple/Develop/AOAPC/AOAPC/Chapter.9-Dynamic Programming/GreatWall.cpp"; sourceTree = "<group>"; };
		1897601E22E59ED500886A41 /* SpyInMetro.cpp */ = {isa = PBXFileReference; lastKnownFileType = sourcecode.cpp.cpp; path = SpyInMetro.cpp; sourceTree = "<group>"; };
		1897602022E5CB1A00886A41 /* BabylonTower.cpp */ = {isa = PBXFileReference; lastKnownFileType = sourcecode.cpp.cpp; path = BabylonTower.cpp; sourceTree = "<group>"; };
		1897602222E5E17E00886A41 /* Tour.cpp */ = {isa = PBXFileReference; lastKnownFileType = sourcecode.cpp.cpp; path = Tour.cpp; sourceTree = "<group>"; };
		1897602422E5E70500886A41 /* input */ = {isa = PBXFileReference; lastKnownFileType = text; path = input; sourceTree = "<group>"; };
		1897602522E5F13B00886A41 /* JinGeJinQu.cpp */ = {isa = PBXFileReference; lastKnownFileType = sourcecode.cpp.cpp; path = JinGeJinQu.cpp; sourceTree = "<group>"; };
		18B3165722E6ABB300435DEC /* UniTSP.cpp */ = {isa = PBXFileReference; lastKnownFileType = sourcecode.cpp.cpp; path = UniTSP.cpp; sourceTree = "<group>"; };
		18B3165922E6B56800435DEC /* AnotherCrisis.cpp */ = {isa = PBXFileReference; lastKnownFileType = sourcecode.cpp.cpp; path = AnotherCrisis.cpp; sourceTree = "<group>"; };
		18B3165B22E6C81800435DEC /* PerfectService.cpp */ = {isa = PBXFileReference; lastKnownFileType = sourcecode.cpp.cpp; path = PerfectService.cpp; sourceTree = "<group>"; };
		18B3165D22E6D8AE00435DEC /* HaliBula.cpp */ = {isa = PBXFileReference; lastKnownFileType = sourcecode.cpp.cpp; path = HaliBula.cpp; sourceTree = "<group>"; };
		18B3165F22E6ED2000435DEC /* LightingSystem.cpp */ = {isa = PBXFileReference; lastKnownFileType = sourcecode.cpp.cpp; path = LightingSystem.cpp; sourceTree = "<group>"; };
		18B3166122E6FA5400435DEC /* Palindrome.cpp */ = {isa = PBXFileReference; lastKnownFileType = sourcecode.cpp.cpp; path = Palindrome.cpp; sourceTree = "<group>"; };
		18BC011022E1594E003E736F /* ColossalFibonacci.cpp */ = {isa = PBXFileReference; lastKnownFileType = sourcecode.cpp.cpp; path = ColossalFibonacci.cpp; sourceTree = "<group>"; };
		18BC011222E17263003E736F /* ChooseAndDivide.cpp */ = {isa = PBXFileReference; lastKnownFileType = sourcecode.cpp.cpp; path = ChooseAndDivide.cpp; sourceTree = "<group>"; };
		18D579E822E31DE9009CF914 /* FunnyCarRacing.cpp */ = {isa = PBXFileReference; lastKnownFileType = sourcecode.cpp.cpp; path = FunnyCarRacing.cpp; sourceTree = "<group>"; };
		18DA3B4D22DC674A005C5D60 /* Audiophobia.cpp */ = {isa = PBXFileReference; lastKnownFileType = sourcecode.cpp.cpp; path = Audiophobia.cpp; sourceTree = "<group>"; };
		18DA3B4F22DCB5BA005C5D60 /* BugOrFeature.cpp */ = {isa = PBXFileReference; lastKnownFileType = sourcecode.cpp.cpp; path = BugOrFeature.cpp; sourceTree = "<group>"; };
		18DBEC6D22DE0A3A00F8D326 /* PlugForUnix.cpp */ = {isa = PBXFileReference; lastKnownFileType = sourcecode.cpp.cpp; path = PlugForUnix.cpp; sourceTree = "<group>"; };
		18DD6DCA22E85EE8006E7D4A /* ColorLength.cpp */ = {isa = PBXFileReference; lastKnownFileType = sourcecode.cpp.cpp; path = ColorLength.cpp; sourceTree = "<group>"; };
		18DD6DCC22E87BA0006E7D4A /* CuttingSticks.cpp */ = {isa = PBXFileReference; lastKnownFileType = sourcecode.cpp.cpp; path = CuttingSticks.cpp; sourceTree = "<group>"; };
		18E3AB8622E09F3F00A09D90 /* MatrixDecompress.cpp */ = {isa = PBXFileReference; lastKnownFileType = sourcecode.cpp.cpp; path = MatrixDecompress.cpp; sourceTree = "<group>"; };
		18E493F522EDEFC700C3A0DC /* output */ = {isa = PBXFileReference; fileEncoding = 4; lastKnownFileType = text; name = output; path = ../../../../../../System/Volumes/Data/Users/apple/Develop/AOAPC/AOAPC/Inputs/output; sourceTree = "<group>"; };
		18F2535B22F1343000607C2C /* GcdXOR.cpp */ = {isa = PBXFileReference; lastKnownFileType = sourcecode.cpp.cpp; name = GcdXOR.cpp; path = "../../../../../../System/Volumes/Data/Users/apple/Develop/AOAPC/AOAPC/Chapter.10-Mathematics/GcdXOR.cpp"; sourceTree = "<group>"; };
		18F2535D22F1724500607C2C /* DisgruntleJudge.cpp */ = {isa = PBXFileReference; lastKnownFileType = sourcecode.cpp.cpp; name = DisgruntleJudge.cpp; path = "../../../../../../System/Volumes/Data/Users/apple/Develop/AOAPC/AOAPC/Chapter.10-Mathematics/DisgruntleJudge.cpp"; sourceTree = "<group>"; };
		18F2535F22F17D9D00607C2C /* IrrelevantElement.cpp */ = {isa = PBXFileReference; lastKnownFileType = sourcecode.cpp.cpp; name = IrrelevantElement.cpp; path = "../../../../../../System/Volumes/Data/Users/apple/Develop/AOAPC/AOAPC/Chapter.10-Mathematics/IrrelevantElement.cpp"; sourceTree = "<group>"; };
/* End PBXFileReference section */

/* Begin PBXFrameworksBuildPhase section */
		181D0CAA22DB13E900733ABA /* Frameworks */ = {
			isa = PBXFrameworksBuildPhase;
			buildActionMask = 2147483647;
			files = (
			);
			runOnlyForDeploymentPostprocessing = 0;
		};
/* End PBXFrameworksBuildPhase section */

/* Begin PBXGroup section */
		181D0CA422DB13E900733ABA = {
			isa = PBXGroup;
			children = (
				181D0CAF22DB13E900733ABA /* AOAPC */,
				181D0CAE22DB13E900733ABA /* Products */,
			);
			sourceTree = "<group>";
		};
		181D0CAE22DB13E900733ABA /* Products */ = {
			isa = PBXGroup;
			children = (
				181D0CAD22DB13E900733ABA /* AOAPC */,
			);
			name = Products;
			sourceTree = "<group>";
		};
		181D0CAF22DB13E900733ABA /* AOAPC */ = {
			isa = PBXGroup;
			children = (
				1897601D22E59E9700886A41 /* Chapter.9-Dynamic Programming */,
				18BC010F22E15911003E736F /* Chapter.10-Mathematics */,
				181D0CB822DB13FA00733ABA /* Chapter.11-Graph Theory */,
				181D0CB722DB13F100733ABA /* Inputs */,
				181D0CB022DB13E900733ABA /* main.cpp */,
			);
			path = AOAPC;
			sourceTree = "<group>";
		};
		181D0CB722DB13F100733ABA /* Inputs */ = {
			isa = PBXGroup;
			children = (
				1897602422E5E70500886A41 /* input */,
				18E493F522EDEFC700C3A0DC /* output */,
			);
			path = Inputs;
			sourceTree = "<group>";
		};
		181D0CB822DB13FA00733ABA /* Chapter.11-Graph Theory */ = {
			isa = PBXGroup;
			children = (
				181D0CBA22DB157500733ABA /* SlimSpan.cpp */,
				187E02B622DB5A4300DCF4DF /* CallingCircles.cpp */,
				18DA3B4D22DC674A005C5D60 /* Audiophobia.cpp */,
				18DA3B4F22DCB5BA005C5D60 /* BugOrFeature.cpp */,
				18DBEC6D22DE0A3A00F8D326 /* PlugForUnix.cpp */,
				18E3AB8622E09F3F00A09D90 /* MatrixDecompress.cpp */,
				184F787822E2EEE200057D55 /* OptimalBusRoute.cpp */,
				18D579E822E31DE9009CF914 /* FunnyCarRacing.cpp */,
			);
			path = "Chapter.11-Graph Theory";
			sourceTree = "<group>";
		};
		1897601D22E59E9700886A41 /* Chapter.9-Dynamic Programming */ = {
			isa = PBXGroup;
			children = (
				1897601E22E59ED500886A41 /* SpyInMetro.cpp */,
				1897602022E5CB1A00886A41 /* BabylonTower.cpp */,
				1897602222E5E17E00886A41 /* Tour.cpp */,
				18B3165722E6ABB300435DEC /* UniTSP.cpp */,
				1897602522E5F13B00886A41 /* JinGeJinQu.cpp */,
				18B3165F22E6ED2000435DEC /* LightingSystem.cpp */,
				18B3166122E6FA5400435DEC /* Palindrome.cpp */,
				18DD6DCA22E85EE8006E7D4A /* ColorLength.cpp */,
				18DD6DCC22E87BA0006E7D4A /* CuttingSticks.cpp */,
				183B0A4322E9BF5200520CE6 /* BracketsSequence.cpp */,
				18B3165922E6B56800435DEC /* AnotherCrisis.cpp */,
				18B3165D22E6D8AE00435DEC /* HaliBula.cpp */,
				18B3165B22E6C81800435DEC /* PerfectService.cpp */,
				1801F40C22EC7ED400075749 /* Headmaster.cpp */,
				188E4A8D22EDACDC003357B9 /* TwentyQuestions.cpp */,
				188E4A8F22EDE019003357B9 /* GreatWall.cpp */,
				182A4B4D22EEECBB00350967 /* BiggerBetter.cpp */,
			);
			path = "Chapter.9-Dynamic Programming";
			sourceTree = "<group>";
		};
		18BC010F22E15911003E736F /* Chapter.10-Mathematics */ = {
			isa = PBXGroup;
			children = (
				18BC011022E1594E003E736F /* ColossalFibonacci.cpp */,
				18F2535D22F1724500607C2C /* DisgruntleJudge.cpp */,
				18BC011222E17263003E736F /* ChooseAndDivide.cpp */,
				1812FF0E22EF1B6C00B3F277 /* MinimumSum.cpp */,
				18F2535B22F1343000607C2C /* GcdXOR.cpp */,
				18F2535F22F17D9D00607C2C /* IrrelevantElement.cpp */,
			);
			path = "Chapter.10-Mathematics";
			sourceTree = "<group>";
		};
/* End PBXGroup section */

/* Begin PBXNativeTarget section */
		181D0CAC22DB13E900733ABA /* AOAPC */ = {
			isa = PBXNativeTarget;
			buildConfigurationList = 181D0CB422DB13E900733ABA /* Build configuration list for PBXNativeTarget "AOAPC" */;
			buildPhases = (
				181D0CA922DB13E900733ABA /* Sources */,
				181D0CAA22DB13E900733ABA /* Frameworks */,
				181D0CAB22DB13E900733ABA /* CopyFiles */,
			);
			buildRules = (
			);
			dependencies = (
			);
			name = AOAPC;
			productName = AOAPC;
			productReference = 181D0CAD22DB13E900733ABA /* AOAPC */;
			productType = "com.apple.product-type.tool";
		};
/* End PBXNativeTarget section */

/* Begin PBXProject section */
		181D0CA522DB13E900733ABA /* Project object */ = {
			isa = PBXProject;
			attributes = {
				LastUpgradeCheck = 1020;
				ORGANIZATIONNAME = huasheng;
				TargetAttributes = {
					181D0CAC22DB13E900733ABA = {
						CreatedOnToolsVersion = 10.2.1;
					};
				};
			};
			buildConfigurationList = 181D0CA822DB13E900733ABA /* Build configuration list for PBXProject "AOAPC" */;
			compatibilityVersion = "Xcode 9.3";
			developmentRegion = en;
			hasScannedForEncodings = 0;
			knownRegions = (
				en,
			);
			mainGroup = 181D0CA422DB13E900733ABA;
			productRefGroup = 181D0CAE22DB13E900733ABA /* Products */;
			projectDirPath = "";
			projectRoot = "";
			targets = (
				181D0CAC22DB13E900733ABA /* AOAPC */,
			);
		};
/* End PBXProject section */

/* Begin PBXSourcesBuildPhase section */
		181D0CA922DB13E900733ABA /* Sources */ = {
			isa = PBXSourcesBuildPhase;
			buildActionMask = 2147483647;
			files = (
				18D579E922E31DE9009CF914 /* FunnyCarRacing.cpp in Sources */,
				1801F40D22EC7ED400075749 /* Headmaster.cpp in Sources */,
				1897601F22E59ED500886A41 /* SpyInMetro.cpp in Sources */,
				18DA3B5022DCB5BA005C5D60 /* BugOrFeature.cpp in Sources */,
				181D0CBB22DB157500733ABA /* SlimSpan.cpp in Sources */,
				18DA3B4E22DC674A005C5D60 /* Audiophobia.cpp in Sources */,
				183B0A4422E9BF5200520CE6 /* BracketsSequence.cpp in Sources */,
				182A4B4E22EEECBB00350967 /* BiggerBetter.cpp in Sources */,
				18F2535E22F1724500607C2C /* DisgruntleJudge.cpp in Sources */,
				1897602322E5E17E00886A41 /* Tour.cpp in Sources */,
				188E4A9022EDE019003357B9 /* GreatWall.cpp in Sources */,
				18BC011322E17263003E736F /* ChooseAndDivide.cpp in Sources */,
				18F2536022F17D9D00607C2C /* IrrelevantElement.cpp in Sources */,
				1812FF0F22EF1B6C00B3F277 /* MinimumSum.cpp in Sources */,
				18B3165C22E6C81800435DEC /* PerfectService.cpp in Sources */,
				18B3165E22E6D8AE00435DEC /* HaliBula.cpp in Sources */,
				18DD6DCB22E85EE8006E7D4A /* ColorLength.cpp in Sources */,
				18DBEC6E22DE0A3A00F8D326 /* PlugForUnix.cpp in Sources */,
				18B3166022E6ED2000435DEC /* LightingSystem.cpp in Sources */,
				18BC011122E1594E003E736F /* ColossalFibonacci.cpp in Sources */,
				18B3166222E6FA5400435DEC /* Palindrome.cpp in Sources */,
				18E3AB8722E09F3F00A09D90 /* MatrixDecompress.cpp in Sources */,
				187E02B722DB5A4300DCF4DF /* CallingCircles.cpp in Sources */,
				188E4A8E22EDACDC003357B9 /* TwentyQuestions.cpp in Sources */,
				1897602122E5CB1A00886A41 /* BabylonTower.cpp in Sources */,
				181D0CB122DB13E900733ABA /* main.cpp in Sources */,
				18F2535C22F1343000607C2C /* GcdXOR.cpp in Sources */,
				184F787922E2EEE200057D55 /* OptimalBusRoute.cpp in Sources */,
				18DD6DCD22E87BA0006E7D4A /* CuttingSticks.cpp in Sources */,
				18B3165822E6ABB300435DEC /* UniTSP.cpp in Sources */,
				18B3165A22E6B56800435DEC /* AnotherCrisis.cpp in Sources */,
				1897602622E5F13B00886A41 /* JinGeJinQu.cpp in Sources */,
			);
			runOnlyForDeploymentPostprocessing = 0;
		};
/* End PBXSourcesBuildPhase section */

/* Begin XCBuildConfiguration section */
		181D0CB222DB13E900733ABA /* Debug */ = {
			isa = XCBuildConfiguration;
			buildSettings = {
				ALWAYS_SEARCH_USER_PATHS = NO;
				CLANG_ANALYZER_NONNULL = YES;
				CLANG_ANALYZER_NUMBER_OBJECT_CONVERSION = YES_AGGRESSIVE;
				CLANG_CXX_LANGUAGE_STANDARD = "gnu++14";
				CLANG_CXX_LIBRARY = "libc++";
				CLANG_ENABLE_MODULES = YES;
				CLANG_ENABLE_OBJC_ARC = YES;
				CLANG_ENABLE_OBJC_WEAK = YES;
				CLANG_WARN_BLOCK_CAPTURE_AUTORELEASING = YES;
				CLANG_WARN_BOOL_CONVERSION = YES;
				CLANG_WARN_COMMA = YES;
				CLANG_WARN_CONSTANT_CONVERSION = YES;
				CLANG_WARN_DEPRECATED_OBJC_IMPLEMENTATIONS = YES;
				CLANG_WARN_DIRECT_OBJC_ISA_USAGE = YES_ERROR;
				CLANG_WARN_DOCUMENTATION_COMMENTS = YES;
				CLANG_WARN_EMPTY_BODY = YES;
				CLANG_WARN_ENUM_CONVERSION = YES;
				CLANG_WARN_INFINITE_RECURSION = YES;
				CLANG_WARN_INT_CONVERSION = YES;
				CLANG_WARN_NON_LITERAL_NULL_CONVERSION = YES;
				CLANG_WARN_OBJC_IMPLICIT_RETAIN_SELF = YES;
				CLANG_WARN_OBJC_LITERAL_CONVERSION = YES;
				CLANG_WARN_OBJC_ROOT_CLASS = YES_ERROR;
				CLANG_WARN_RANGE_LOOP_ANALYSIS = YES;
				CLANG_WARN_STRICT_PROTOTYPES = YES;
				CLANG_WARN_SUSPICIOUS_MOVE = YES;
				CLANG_WARN_UNGUARDED_AVAILABILITY = YES_AGGRESSIVE;
				CLANG_WARN_UNREACHABLE_CODE = YES;
				CLANG_WARN__DUPLICATE_METHOD_MATCH = YES;
				CODE_SIGN_IDENTITY = "-";
				COPY_PHASE_STRIP = NO;
				DEBUG_INFORMATION_FORMAT = dwarf;
				ENABLE_STRICT_OBJC_MSGSEND = YES;
				ENABLE_TESTABILITY = YES;
				GCC_C_LANGUAGE_STANDARD = gnu11;
				GCC_DYNAMIC_NO_PIC = NO;
				GCC_NO_COMMON_BLOCKS = YES;
				GCC_OPTIMIZATION_LEVEL = 0;
				GCC_PREPROCESSOR_DEFINITIONS = (
					"DEBUG=1",
					"$(inherited)",
				);
				GCC_WARN_64_TO_32_BIT_CONVERSION = YES;
				GCC_WARN_ABOUT_RETURN_TYPE = YES_ERROR;
				GCC_WARN_UNDECLARED_SELECTOR = YES;
				GCC_WARN_UNINITIALIZED_AUTOS = YES_AGGRESSIVE;
				GCC_WARN_UNUSED_FUNCTION = YES;
				GCC_WARN_UNUSED_VARIABLE = YES;
				MACOSX_DEPLOYMENT_TARGET = 10.14;
				MTL_ENABLE_DEBUG_INFO = INCLUDE_SOURCE;
				MTL_FAST_MATH = YES;
				ONLY_ACTIVE_ARCH = YES;
				SDKROOT = macosx;
			};
			name = Debug;
		};
		181D0CB322DB13E900733ABA /* Release */ = {
			isa = XCBuildConfiguration;
			buildSettings = {
				ALWAYS_SEARCH_USER_PATHS = NO;
				CLANG_ANALYZER_NONNULL = YES;
				CLANG_ANALYZER_NUMBER_OBJECT_CONVERSION = YES_AGGRESSIVE;
				CLANG_CXX_LANGUAGE_STANDARD = "gnu++14";
				CLANG_CXX_LIBRARY = "libc++";
				CLANG_ENABLE_MODULES = YES;
				CLANG_ENABLE_OBJC_ARC = YES;
				CLANG_ENABLE_OBJC_WEAK = YES;
				CLANG_WARN_BLOCK_CAPTURE_AUTORELEASING = YES;
				CLANG_WARN_BOOL_CONVERSION = YES;
				CLANG_WARN_COMMA = YES;
				CLANG_WARN_CONSTANT_CONVERSION = YES;
				CLANG_WARN_DEPRECATED_OBJC_IMPLEMENTATIONS = YES;
				CLANG_WARN_DIRECT_OBJC_ISA_USAGE = YES_ERROR;
				CLANG_WARN_DOCUMENTATION_COMMENTS = YES;
				CLANG_WARN_EMPTY_BODY = YES;
				CLANG_WARN_ENUM_CONVERSION = YES;
				CLANG_WARN_INFINITE_RECURSION = YES;
				CLANG_WARN_INT_CONVERSION = YES;
				CLANG_WARN_NON_LITERAL_NULL_CONVERSION = YES;
				CLANG_WARN_OBJC_IMPLICIT_RETAIN_SELF = YES;
				CLANG_WARN_OBJC_LITERAL_CONVERSION = YES;
				CLANG_WARN_OBJC_ROOT_CLASS = YES_ERROR;
				CLANG_WARN_RANGE_LOOP_ANALYSIS = YES;
				CLANG_WARN_STRICT_PROTOTYPES = YES;
				CLANG_WARN_SUSPICIOUS_MOVE = YES;
				CLANG_WARN_UNGUARDED_AVAILABILITY = YES_AGGRESSIVE;
				CLANG_WARN_UNREACHABLE_CODE = YES;
				CLANG_WARN__DUPLICATE_METHOD_MATCH = YES;
				CODE_SIGN_IDENTITY = "-";
				COPY_PHASE_STRIP = NO;
				DEBUG_INFORMATION_FORMAT = "dwarf-with-dsym";
				ENABLE_NS_ASSERTIONS = NO;
				ENABLE_STRICT_OBJC_MSGSEND = YES;
				GCC_C_LANGUAGE_STANDARD = gnu11;
				GCC_NO_COMMON_BLOCKS = YES;
				GCC_WARN_64_TO_32_BIT_CONVERSION = YES;
				GCC_WARN_ABOUT_RETURN_TYPE = YES_ERROR;
				GCC_WARN_UNDECLARED_SELECTOR = YES;
				GCC_WARN_UNINITIALIZED_AUTOS = YES_AGGRESSIVE;
				GCC_WARN_UNUSED_FUNCTION = YES;
				GCC_WARN_UNUSED_VARIABLE = YES;
				MACOSX_DEPLOYMENT_TARGET = 10.14;
				MTL_ENABLE_DEBUG_INFO = NO;
				MTL_FAST_MATH = YES;
				SDKROOT = macosx;
			};
			name = Release;
		};
		181D0CB522DB13E900733ABA /* Debug */ = {
			isa = XCBuildConfiguration;
			buildSettings = {
				CODE_SIGN_STYLE = Automatic;
				DEPLOYMENT_POSTPROCESSING = NO;
				PRODUCT_NAME = "$(TARGET_NAME)";
				USER_HEADER_SEARCH_PATHS = "$(SRCROOT)/**";
			};
			name = Debug;
		};
		181D0CB622DB13E900733ABA /* Release */ = {
			isa = XCBuildConfiguration;
			buildSettings = {
				CODE_SIGN_STYLE = Automatic;
				DEPLOYMENT_POSTPROCESSING = NO;
				PRODUCT_NAME = "$(TARGET_NAME)";
				USER_HEADER_SEARCH_PATHS = "$(SRCROOT)/**";
			};
			name = Release;
		};
/* End XCBuildConfiguration section */

/* Begin XCConfigurationList section */
		181D0CA822DB13E900733ABA /* Build configuration list for PBXProject "AOAPC" */ = {
			isa = XCConfigurationList;
			buildConfigurations = (
				181D0CB222DB13E900733ABA /* Debug */,
				181D0CB322DB13E900733ABA /* Release */,
			);
			defaultConfigurationIsVisible = 0;
			defaultConfigurationName = Release;
		};
		181D0CB422DB13E900733ABA /* Build configuration list for PBXNativeTarget "AOAPC" */ = {
			isa = XCConfigurationList;
			buildConfigurations = (
				181D0CB522DB13E900733ABA /* Debug */,
				181D0CB622DB13E900733ABA /* Release */,
			);
			defaultConfigurationIsVisible = 0;
			defaultConfigurationName = Release;
		};
/* End XCConfigurationList section */
	};
	rootObject = 181D0CA522DB13E900733ABA /* Project object */;
}
